
Microsoft Visual Studio Solution File, Format Version 12.00
# Visual Studio Version 17
VisualStudioVersion = 17.11.35222.181
MinimumVisualStudioVersion = 10.0.40219.1
Project("{FAE04EC0-301F-11D3-BF4B-00C04F79EFBC}") = "TenisStat.Backend", "TenisStat.Backend\TenisStat.Backend.csproj", "{94B865EF-A691-4678-937B-AC1522BE2A8C}"
EndProject
Project("{FAE04EC0-301F-11D3-BF4B-00C04F79EFBC}") = "TenisStat.Test", "TenisStat.Test\TenisStat.Test.csproj", "{4C8AD4A7-AEC0-409D-9EA4-853FE2F5BF0B}"
EndProject
Global
	GlobalSection(SolutionConfigurationPlatforms) = preSolution
		Debug|Any CPU = Debug|Any CPU
		Release|Any CPU = Release|Any CPU
	EndGlobalSection
	GlobalSection(ProjectConfigurationPlatforms) = postSolution
		{94B865EF-A691-4678-937B-AC1522BE2A8C}.Debug|Any CPU.ActiveCfg = Debug|Any CPU
		{94B865EF-A691-4678-937B-AC1522BE2A8C}.Debug|Any CPU.Build.0 = Debug|Any CPU
		{94B865EF-A691-4678-937B-AC1522BE2A8C}.Release|Any CPU.ActiveCfg = Release|Any CPU
		{94B865EF-A691-4678-937B-AC1522BE2A8C}.Release|Any CPU.Build.0 = Release|Any CPU
		{4C8AD4A7-AEC0-409D-9EA4-853FE2F5BF0B}.Debug|Any CPU.ActiveCfg = Debug|Any CPU
		{4C8AD4A7-AEC0-409D-9EA4-853FE2F5BF0B}.Debug|Any CPU.Build.0 = Debug|Any CPU
		{4C8AD4A7-AEC0-409D-9EA4-853FE2F5BF0B}.Release|Any CPU.ActiveCfg = Release|Any CPU
		{4C8AD4A7-AEC0-409D-9EA4-853FE2F5BF0B}.Release|Any CPU.Build.0 = Release|Any CPU
	EndGlobalSection
	GlobalSection(SolutionProperties) = preSolution
		HideSolutionNode = FALSE
	EndGlobalSection
	GlobalSection(ExtensibilityGlobals) = postSolution
		SolutionGuid = {A0D9C41F-C586-4AD2-AB5C-9D66032C8E9B}
	EndGlobalSection
EndGlobal
